
Microsoft Visual Studio Solution File, Format Version 12.00
# Visual Studio Version 16
VisualStudioVersion = 16.0.31105.61
MinimumVisualStudioVersion = 10.0.40219.1
Project("{FAE04EC0-301F-11D3-BF4B-00C04F79EFBC}") = "TaxCalc", "TaxCalc\TaxCalc.csproj", "{DDBEBF15-D189-4E57-9B45-65EB6BEDEB96}"
EndProject
Global
	GlobalSection(SolutionConfigurationPlatforms) = preSolution
		Debug|Any CPU = Debug|Any CPU
		Release|Any CPU = Release|Any CPU
	EndGlobalSection
	GlobalSection(ProjectConfigurationPlatforms) = postSolution
		{DDBEBF15-D189-4E57-9B45-65EB6BEDEB96}.Debug|Any CPU.ActiveCfg = Debug|Any CPU
		{DDBEBF15-D189-4E57-9B45-65EB6BEDEB96}.Debug|Any CPU.Build.0 = Debug|Any CPU
		{DDBEBF15-D189-4E57-9B45-65EB6BEDEB96}.Release|Any CPU.ActiveCfg = Release|Any CPU
		{DDBEBF15-D189-4E57-9B45-65EB6BEDEB96}.Release|Any CPU.Build.0 = Release|Any CPU
	EndGlobalSection
	GlobalSection(SolutionProperties) = preSolution
		HideSolutionNode = FALSE
	EndGlobalSection
	GlobalSection(ExtensibilityGlobals) = postSolution
		SolutionGuid = {E87B83B8-A366-47F9-8860-A40E07D197CD}
	EndGlobalSection
EndGlobal
